
Microsoft Visual Studio Solution File, Format Version 12.00
# Visual Studio Version 16
VisualStudioVersion = 16.0.30523.141
MinimumVisualStudioVersion = 10.0.40219.1
Project("{888888A0-9F3D-457C-B088-3A5042F75D52}") = "BOT_heroku", "BOT_heroku\BOT_heroku.pyproj", "{C773F12A-0D7B-438D-BC55-DFA965FCB488}"
EndProject
Global
	GlobalSection(SolutionConfigurationPlatforms) = preSolution
		Debug|Any CPU = Debug|Any CPU
		Release|Any CPU = Release|Any CPU
	EndGlobalSection
	GlobalSection(ProjectConfigurationPlatforms) = postSolution
		{C773F12A-0D7B-438D-BC55-DFA965FCB488}.Debug|Any CPU.ActiveCfg = Debug|Any CPU
		{C773F12A-0D7B-438D-BC55-DFA965FCB488}.Release|Any CPU.ActiveCfg = Release|Any CPU
	EndGlobalSection
	GlobalSection(SolutionProperties) = preSolution
		HideSolutionNode = FALSE
	EndGlobalSection
	GlobalSection(ExtensibilityGlobals) = postSolution
		SolutionGuid = {126F3D0D-44B6-4DDF-8E8A-25B00936C355}
	EndGlobalSection
EndGlobal
